
Microsoft Visual Studio Solution File, Format Version 12.00
# Visual Studio Version 17
VisualStudioVersion = 17.0.31903.59
MinimumVisualStudioVersion = 10.0.40219.1
Project("{F2A71F9B-5D33-465A-A702-920D77279786}") = "WoofWare.KnuthPlass", "WoofWare.KnuthPlass\WoofWare.KnuthPlass.fsproj", "{93D3AF80-EC8D-457D-93B2-FDD44F01CDD3}"
EndProject
Project("{F2A71F9B-5D33-465A-A702-920D77279786}") = "WoofWare.KnuthPlass.Test", "WoofWare.KnuthPlass.Test\WoofWare.KnuthPlass.Test.fsproj", "{5A8FC5EE-2F0F-47B5-A6CC-56CC75ABA35C}"
EndProject
Global
	GlobalSection(SolutionConfigurationPlatforms) = preSolution
		Debug|Any CPU = Debug|Any CPU
		Release|Any CPU = Release|Any CPU
	EndGlobalSection
	GlobalSection(SolutionProperties) = preSolution
		HideSolutionNode = FALSE
	EndGlobalSection
	GlobalSection(ProjectConfigurationPlatforms) = postSolution
		{93D3AF80-EC8D-457D-93B2-FDD44F01CDD3}.Debug|Any CPU.ActiveCfg = Debug|Any CPU
		{93D3AF80-EC8D-457D-93B2-FDD44F01CDD3}.Debug|Any CPU.Build.0 = Debug|Any CPU
		{93D3AF80-EC8D-457D-93B2-FDD44F01CDD3}.Release|Any CPU.ActiveCfg = Release|Any CPU
		{93D3AF80-EC8D-457D-93B2-FDD44F01CDD3}.Release|Any CPU.Build.0 = Release|Any CPU
		{5A8FC5EE-2F0F-47B5-A6CC-56CC75ABA35C}.Debug|Any CPU.ActiveCfg = Debug|Any CPU
		{5A8FC5EE-2F0F-47B5-A6CC-56CC75ABA35C}.Debug|Any CPU.Build.0 = Debug|Any CPU
		{5A8FC5EE-2F0F-47B5-A6CC-56CC75ABA35C}.Release|Any CPU.ActiveCfg = Release|Any CPU
		{5A8FC5EE-2F0F-47B5-A6CC-56CC75ABA35C}.Release|Any CPU.Build.0 = Release|Any CPU
	EndGlobalSection
EndGlobal
